
Microsoft Visual Studio Solution File, Format Version 12.00
# Visual Studio Version 17
VisualStudioVersion = 17.13.35931.197 d17.13
MinimumVisualStudioVersion = 10.0.40219.1
Project("{FAE04EC0-301F-11D3-BF4B-00C04F79EFBC}") = "WebApplication20", "WebApplication20.csproj", "{26A4DED1-1A1C-43FD-A5CA-018F1FF3370E}"
EndProject
Global
	GlobalSection(SolutionConfigurationPlatforms) = preSolution
		Debug|Any CPU = Debug|Any CPU
		Release|Any CPU = Release|Any CPU
	EndGlobalSection
	GlobalSection(ProjectConfigurationPlatforms) = postSolution
		{26A4DED1-1A1C-43FD-A5CA-018F1FF3370E}.Debug|Any CPU.ActiveCfg = Debug|Any CPU
		{26A4DED1-1A1C-43FD-A5CA-018F1FF3370E}.Debug|Any CPU.Build.0 = Debug|Any CPU
		{26A4DED1-1A1C-43FD-A5CA-018F1FF3370E}.Release|Any CPU.ActiveCfg = Release|Any CPU
		{26A4DED1-1A1C-43FD-A5CA-018F1FF3370E}.Release|Any CPU.Build.0 = Release|Any CPU
	EndGlobalSection
	GlobalSection(SolutionProperties) = preSolution
		HideSolutionNode = FALSE
	EndGlobalSection
	GlobalSection(ExtensibilityGlobals) = postSolution
		SolutionGuid = {1C8FAD39-0EC6-4948-A1D2-B96869E31A54}
	EndGlobalSection
EndGlobal
